
Microsoft Visual Studio Solution File, Format Version 12.00
# Visual Studio Version 17
VisualStudioVersion = 17.0.32014.148
MinimumVisualStudioVersion = 10.0.40219.1
Project("{888888A0-9F3D-457C-B088-3A5042F75D52}") = "PyWavTool", "PyWavTool\PyWavTool.pyproj", "{AAED291C-8B83-44CE-8282-DFC606A0ED2D}"
EndProject
Project("{2150E333-8FDC-42A3-9474-1A3956D46DE8}") = "Solution Items", "Solution Items", "{B5113A81-D376-4639-856F-D34AB622C7E2}"
	ProjectSection(SolutionItems) = preProject
		docsource\conf.py = docsource\conf.py
		docsource\index.rst = docsource\index.rst
		docs\make.bat = docs\make.bat
		README.md = README.md
		release\PYPI\setup.cfg = release\PYPI\setup.cfg
		test_token.txt = test_token.txt
	EndProjectSection
EndProject
Project("{9A19103F-16F7-4668-BE54-9A1E7A4F7556}") = "PyWavToolExe", "PyWavToolExe\PyWavToolExe.csproj", "{E66BA919-B97D-4655-9654-E570E309A851}"
EndProject
Global
	GlobalSection(SolutionConfigurationPlatforms) = preSolution
		Debug|Any CPU = Debug|Any CPU
		Release|Any CPU = Release|Any CPU
	EndGlobalSection
	GlobalSection(ProjectConfigurationPlatforms) = postSolution
		{AAED291C-8B83-44CE-8282-DFC606A0ED2D}.Debug|Any CPU.ActiveCfg = Debug|Any CPU
		{AAED291C-8B83-44CE-8282-DFC606A0ED2D}.Release|Any CPU.ActiveCfg = Release|Any CPU
		{E66BA919-B97D-4655-9654-E570E309A851}.Debug|Any CPU.ActiveCfg = Debug|Any CPU
		{E66BA919-B97D-4655-9654-E570E309A851}.Debug|Any CPU.Build.0 = Debug|Any CPU
		{E66BA919-B97D-4655-9654-E570E309A851}.Release|Any CPU.ActiveCfg = Release|Any CPU
		{E66BA919-B97D-4655-9654-E570E309A851}.Release|Any CPU.Build.0 = Release|Any CPU
	EndGlobalSection
	GlobalSection(SolutionProperties) = preSolution
		HideSolutionNode = FALSE
	EndGlobalSection
	GlobalSection(ExtensibilityGlobals) = postSolution
		SolutionGuid = {832C7C84-CDE4-4FEE-9F68-F50278782522}
	EndGlobalSection
EndGlobal
